// !$*UTF8*$!
{
	archiveVersion = 1;
	classes = {
	};
	objectVersion = 46;
	objects = {

/* Begin PBXBuildFile section */
		7CF18DB31CE459730025397D /* AppDelegate.swift in Sources */ = {isa = PBXBuildFile; fileRef = 7CF18DB21CE459730025397D /* AppDelegate.swift */; };
		7CF18DB51CE459730025397D /* ViewController.swift in Sources */ = {isa = PBXBuildFile; fileRef = 7CF18DB41CE459730025397D /* ViewController.swift */; };
		7CF18DB81CE459730025397D /* Main.storyboard in Resources */ = {isa = PBXBuildFile; fileRef = 7CF18DB61CE459730025397D /* Main.storyboard */; };
		7CF18DBA1CE459730025397D /* Assets.xcassets in Resources */ = {isa = PBXBuildFile; fileRef = 7CF18DB91CE459730025397D /* Assets.xcassets */; };
		7CF18DBD1CE459730025397D /* LaunchScreen.storyboard in Resources */ = {isa = PBXBuildFile; fileRef = 7CF18DBB1CE459730025397D /* LaunchScreen.storyboard */; };
		7CF18DC81CE459730025397D /* MyCalcTests.swift in Sources */ = {isa = PBXBuildFile; fileRef = 7CF18DC71CE459730025397D /* MyCalcTests.swift */; };
		7CF18DD31CE459730025397D /* MyCalcUITests.swift in Sources */ = {isa = PBXBuildFile; fileRef = 7CF18DD21CE459730025397D /* MyCalcUITests.swift */; };
/* End PBXBuildFile section */

/* Begin PBXContainerItemProxy section */
		7CF18DC41CE459730025397D /* PBXContainerItemProxy */ = {
			isa = PBXContainerItemProxy;
			containerPortal = 7CF18DA71CE459730025397D /* Project object */;
			proxyType = 1;
			remoteGlobalIDString = 7CF18DAE1CE459730025397D;
			remoteInfo = MyCalc;
		};
		7CF18DCF1CE459730025397D /* PBXContainerItemProxy */ = {
			isa = PBXContainerItemProxy;
			containerPortal = 7CF18DA71CE459730025397D /* Project object */;
			proxyType = 1;
			remoteGlobalIDString = 7CF18DAE1CE459730025397D;
			remoteInfo = MyCalc;
		};
/* End PBXContainerItemProxy section */

/* Begin PBXFileReference section */
		7CF18DAF1CE459730025397D /* MyCalc.app */ = {isa = PBXFileReference; explicitFileType = wrapper.application; includeInIndex = 0; path = MyCalc.app; sourceTree = BUILT_PRODUCTS_DIR; };
		7CF18DB21CE459730025397D /* AppDelegate.swift */ = {isa = PBXFileReference; lastKnownFileType = sourcecode.swift; path = AppDelegate.swift; sourceTree = "<group>"; };
		7CF18DB41CE459730025397D /* ViewController.swift */ = {isa = PBXFileReference; lastKnownFileType = sourcecode.swift; path = ViewController.swift; sourceTree = "<group>"; };
		7CF18DB71CE459730025397D /* Base */ = {isa = PBXFileReference; lastKnownFileType = file.storyboard; name = Base; path = Base.lproj/Main.storyboard; sourceTree = "<group>"; };
		7CF18DB91CE459730025397D /* Assets.xcassets */ = {isa = PBXFileReference; lastKnownFileType = folder.assetcatalog; path = Assets.xcassets; sourceTree = "<group>"; };
		7CF18DBC1CE459730025397D /* Base */ = {isa = PBXFileReference; lastKnownFileType = file.storyboard; name = Base; path = Base.lproj/LaunchScreen.storyboard; sourceTree = "<group>"; };
		7CF18DBE1CE459730025397D /* Info.plist */ = {isa = PBXFileReference; lastKnownFileType = text.plist.xml; path = Info.plist; sourceTree = "<group>"; };
		7CF18DC31CE459730025397D /* MyCalcTests.xctest */ = {isa = PBXFileReference; explicitFileType = wrapper.cfbundle; includeInIndex = 0; path = MyCalcTests.xctest; sourceTree = BUILT_PRODUCTS_DIR; };
		7CF18DC71CE459730025397D /* MyCalcTests.swift */ = {isa = PBXFileReference; lastKnownFileType = sourcecode.swift; path = MyCalcTests.swift; sourceTree = "<group>"; };
		7CF18DC91CE459730025397D /* Info.plist */ = {isa = PBXFileReference; lastKnownFileType = text.plist.xml; path = Info.plist; sourceTree = "<group>"; };
		7CF18DCE1CE459730025397D /* MyCalcUITests.xctest */ = {isa = PBXFileReference; explicitFileType = wrapper.cfbundle; includeInIndex = 0; path = MyCalcUITests.xctest; sourceTree = BUILT_PRODUCTS_DIR; };
		7CF18DD21CE459730025397D /* MyCalcUITests.swift */ = {isa = PBXFileReference; lastKnownFileType = sourcecode.swift; path = MyCalcUITests.swift; sourceTree = "<group>"; };
		7CF18DD41CE459730025397D /* Info.plist */ = {isa = PBXFileReference; lastKnownFileType = text.plist.xml; path = Info.plist; sourceTree = "<group>"; };
/* End PBXFileReference section */

/* Begin PBXFrameworksBuildPhase section */
		7CF18DAC1CE459730025397D /* Frameworks */ = {
			isa = PBXFrameworksBuildPhase;
			buildActionMask = 2147483647;
			files = (
			);
			runOnlyForDeploymentPostprocessing = 0;
		};
		7CF18DC01CE459730025397D /* Frameworks */ = {
			isa = PBXFrameworksBuildPhase;
			buildActionMask = 2147483647;
			files = (
			);
			runOnlyForDeploymentPostprocessing = 0;
		};
		7CF18DCB1CE459730025397D /* Frameworks */ = {
			isa = PBXFrameworksBuildPhase;
			buildActionMask = 2147483647;
			files = (
			);
			runOnlyForDeploymentPostprocessing = 0;
		};
/* End PBXFrameworksBuildPhase section */

/* Begin PBXGroup section */
		7CF18DA61CE459730025397D = {
			isa = PBXGroup;
			children = (
				7CF18DB11CE459730025397D /* MyCalc */,
				7CF18DC61CE459730025397D /* MyCalcTests */,
				7CF18DD11CE459730025397D /* MyCalcUITests */,
				7CF18DB01CE459730025397D /* Products */,
			);
			sourceTree = "<group>";
		};
		7CF18DB01CE459730025397D /* Products */ = {
			isa = PBXGroup;
			children = (
				7CF18DAF1CE459730025397D /* MyCalc.app */,
				7CF18DC31CE459730025397D /* MyCalcTests.xctest */,
				7CF18DCE1CE459730025397D /* MyCalcUITests.xctest */,
			);
			name = Products;
			sourceTree = "<group>";
		};
		7CF18DB11CE459730025397D /* MyCalc */ = {
			isa = PBXGroup;
			children = (
				7CF18DB21CE459730025397D /* AppDelegate.swift */,
				7CF18DB41CE459730025397D /* ViewController.swift */,
				7CF18DB61CE459730025397D /* Main.storyboard */,
				7CF18DB91CE459730025397D /* Assets.xcassets */,
				7CF18DBB1CE459730025397D /* LaunchScreen.storyboard */,
				7CF18DBE1CE459730025397D /* Info.plist */,
			);
			path = MyCalc;
			sourceTree = "<group>";
		};
		7CF18DC61CE459730025397D /* MyCalcTests */ = {
			isa = PBXGroup;
			children = (
				7CF18DC71CE459730025397D /* MyCalcTests.swift */,
				7CF18DC91CE459730025397D /* Info.plist */,
			);
			path = MyCalcTests;
			sourceTree = "<group>";
		};
		7CF18DD11CE459730025397D /* MyCalcUITests */ = {
			isa = PBXGroup;
			children = (
				7CF18DD21CE459730025397D /* MyCalcUITests.swift */,
				7CF18DD41CE459730025397D /* Info.plist */,
			);
			path = MyCalcUITests;
			sourceTree = "<group>";
		};
/* End PBXGroup section */

/* Begin PBXNativeTarget section */
		7CF18DAE1CE459730025397D /* MyCalc */ = {
			isa = PBXNativeTarget;
			buildConfigurationList = 7CF18DD71CE459730025397D /* Build configuration list for PBXNativeTarget "MyCalc" */;
			buildPhases = (
				7CF18DAB1CE459730025397D /* Sources */,
				7CF18DAC1CE459730025397D /* Frameworks */,
				7CF18DAD1CE459730025397D /* Resources */,
			);
			buildRules = (
			);
			dependencies = (
			);
			name = MyCalc;
			productName = MyCalc;
			productReference = 7CF18DAF1CE459730025397D /* MyCalc.app */;
			productType = "com.apple.product-type.application";
		};
		7CF18DC21CE459730025397D /* MyCalcTests */ = {
			isa = PBXNativeTarget;
			buildConfigurationList = 7CF18DDA1CE459730025397D /* Build configuration list for PBXNativeTarget "MyCalcTests" */;
			buildPhases = (
				7CF18DBF1CE459730025397D /* Sources */,
				7CF18DC01CE459730025397D /* Frameworks */,
				7CF18DC11CE459730025397D /* Resources */,
			);
			buildRules = (
			);
			dependencies = (
				7CF18DC51CE459730025397D /* PBXTargetDependency */,
			);
			name = MyCalcTests;
			productName = MyCalcTests;
			productReference = 7CF18DC31CE459730025397D /* MyCalcTests.xctest */;
			productType = "com.apple.product-type.bundle.unit-test";
		};
		7CF18DCD1CE459730025397D /* MyCalcUITests */ = {
			isa = PBXNativeTarget;
			buildConfigurationList = 7CF18DDD1CE459730025397D /* Build configuration list for PBXNativeTarget "MyCalcUITests" */;
			buildPhases = (
				7CF18DCA1CE459730025397D /* Sources */,
				7CF18DCB1CE459730025397D /* Frameworks */,
				7CF18DCC1CE459730025397D /* Resources */,
			);
			buildRules = (
			);
			dependencies = (
				7CF18DD01CE459730025397D /* PBXTargetDependency */,
			);
			name = MyCalcUITests;
			productName = MyCalcUITests;
			productReference = 7CF18DCE1CE459730025397D /* MyCalcUITests.xctest */;
			productType = "com.apple.product-type.bundle.ui-testing";
		};
/* End PBXNativeTarget section */

/* Begin PBXProject section */
		7CF18DA71CE459730025397D /* Project object */ = {
			isa = PBXProject;
			attributes = {
				LastSwiftUpdateCheck = 0730;
				LastUpgradeCheck = 0730;
				ORGANIZATIONNAME = "北村裕介";
				TargetAttributes = {
					7CF18DAE1CE459730025397D = {
						CreatedOnToolsVersion = 7.3.1;
					};
					7CF18DC21CE459730025397D = {
						CreatedOnToolsVersion = 7.3.1;
						TestTargetID = 7CF18DAE1CE459730025397D;
					};
					7CF18DCD1CE459730025397D = {
						CreatedOnToolsVersion = 7.3.1;
						TestTargetID = 7CF18DAE1CE459730025397D;
					};
				};
			};
			buildConfigurationList = 7CF18DAA1CE459730025397D /* Build configuration list for PBXProject "MyCalc" */;
			compatibilityVersion = "Xcode 3.2";
			developmentRegion = English;
			hasScannedForEncodings = 0;
			knownRegions = (
				en,
				Base,
			);
			mainGroup = 7CF18DA61CE459730025397D;
			productRefGroup = 7CF18DB01CE459730025397D /* Products */;
			projectDirPath = "";
			projectRoot = "";
			targets = (
				7CF18DAE1CE459730025397D /* MyCalc */,
				7CF18DC21CE459730025397D /* MyCalcTests */,
				7CF18DCD1CE459730025397D /* MyCalcUITests */,
			);
		};
/* End PBXProject section */

/* Begin PBXResourcesBuildPhase section */
		7CF18DAD1CE459730025397D /* Resources */ = {
			isa = PBXResourcesBuildPhase;
			buildActionMask = 2147483647;
			files = (
				7CF18DBD1CE459730025397D /* LaunchScreen.storyboard in Resources */,
				7CF18DBA1CE459730025397D /* Assets.xcassets in Resources */,
				7CF18DB81CE459730025397D /* Main.storyboard in Resources */,
			);
			runOnlyForDeploymentPostprocessing = 0;
		};
		7CF18DC11CE459730025397D /* Resources */ = {
			isa = PBXResourcesBuildPhase;
			buildActionMask = 2147483647;
			files = (
			);
			runOnlyForDeploymentPostprocessing = 0;
		};
		7CF18DCC1CE459730025397D /* Resources */ = {
			isa = PBXResourcesBuildPhase;
			buildActionMask = 2147483647;
			files = (
			);
			runOnlyForDeploymentPostprocessing = 0;
		};
/* End PBXResourcesBuildPhase section */

/* Begin PBXSourcesBuildPhase section */
		7CF18DAB1CE459730025397D /* Sources */ = {
			isa = PBXSourcesBuildPhase;
			buildActionMask = 2147483647;
			files = (
				7CF18DB51CE459730025397D /* ViewController.swift in Sources */,
				7CF18DB31CE459730025397D /* AppDelegate.swift in Sources */,
			);
			runOnlyForDeploymentPostprocessing = 0;
		};
		7CF18DBF1CE459730025397D /* Sources */ = {
			isa = PBXSourcesBuildPhase;
			buildActionMask = 2147483647;
			files = (
				7CF18DC81CE459730025397D /* MyCalcTests.swift in Sources */,
			);
			runOnlyForDeploymentPostprocessing = 0;
		};
		7CF18DCA1CE459730025397D /* Sources */ = {
			isa = PBXSourcesBuildPhase;
			buildActionMask = 2147483647;
			files = (
				7CF18DD31CE459730025397D /* MyCalcUITests.swift in Sources */,
			);
			runOnlyForDeploymentPostprocessing = 0;
		};
/* End PBXSourcesBuildPhase section */

/* Begin PBXTargetDependency section */
		7CF18DC51CE459730025397D /* PBXTargetDependency */ = {
			isa = PBXTargetDependency;
			target = 7CF18DAE1CE459730025397D /* MyCalc */;
			targetProxy = 7CF18DC41CE459730025397D /* PBXContainerItemProxy */;
		};
		7CF18DD01CE459730025397D /* PBXTargetDependency */ = {
			isa = PBXTargetDependency;
			target = 7CF18DAE1CE459730025397D /* MyCalc */;
			targetProxy = 7CF18DCF1CE459730025397D /* PBXContainerItemProxy */;
		};
/* End PBXTargetDependency section */

/* Begin PBXVariantGroup section */
		7CF18DB61CE459730025397D /* Main.storyboard */ = {
			isa = PBXVariantGroup;
			children = (
				7CF18DB71CE459730025397D /* Base */,
			);
			name = Main.storyboard;
			sourceTree = "<group>";
		};
		7CF18DBB1CE459730025397D /* LaunchScreen.storyboard */ = {
			isa = PBXVariantGroup;
			children = (
				7CF18DBC1CE459730025397D /* Base */,
			);
			name = LaunchScreen.storyboard;
			sourceTree = "<group>";
		};
/* End PBXVariantGroup section */

/* Begin XCBuildConfiguration section */
		7CF18DD51CE459730025397D /* Debug */ = {
			isa = XCBuildConfiguration;
			buildSettings = {
				ALWAYS_SEARCH_USER_PATHS = NO;
				CLANG_ANALYZER_NONNULL = YES;
				CLANG_CXX_LANGUAGE_STANDARD = "gnu++0x";
				CLANG_CXX_LIBRARY = "libc++";
				CLANG_ENABLE_MODULES = YES;
				CLANG_ENABLE_OBJC_ARC = YES;
				CLANG_WARN_BOOL_CONVERSION = YES;
				CLANG_WARN_CONSTANT_CONVERSION = YES;
				CLANG_WARN_DIRECT_OBJC_ISA_USAGE = YES_ERROR;
				CLANG_WARN_EMPTY_BODY = YES;
				CLANG_WARN_ENUM_CONVERSION = YES;
				CLANG_WARN_INT_CONVERSION = YES;
				CLANG_WARN_OBJC_ROOT_CLASS = YES_ERROR;
				CLANG_WARN_UNREACHABLE_CODE = YES;
				CLANG_WARN__DUPLICATE_METHOD_MATCH = YES;
				"CODE_SIGN_IDENTITY[sdk=iphoneos*]" = "iPhone Developer";
				COPY_PHASE_STRIP = NO;
				DEBUG_INFORMATION_FORMAT = dwarf;
				ENABLE_STRICT_OBJC_MSGSEND = YES;
				ENABLE_TESTABILITY = YES;
				GCC_C_LANGUAGE_STANDARD = gnu99;
				GCC_DYNAMIC_NO_PIC = NO;
				GCC_NO_COMMON_BLOCKS = YES;
				GCC_OPTIMIZATION_LEVEL = 0;
				GCC_PREPROCESSOR_DEFINITIONS = (
					"DEBUG=1",
					"$(inherited)",
				);
				GCC_WARN_64_TO_32_BIT_CONVERSION = YES;
				GCC_WARN_ABOUT_RETURN_TYPE = YES_ERROR;
				GCC_WARN_UNDECLARED_SELECTOR = YES;
				GCC_WARN_UNINITIALIZED_AUTOS = YES_AGGRESSIVE;
				GCC_WARN_UNUSED_FUNCTION = YES;
				GCC_WARN_UNUSED_VARIABLE = YES;
				IPHONEOS_DEPLOYMENT_TARGET = 9.3;
				MTL_ENABLE_DEBUG_INFO = YES;
				ONLY_ACTIVE_ARCH = YES;
				SDKROOT = iphoneos;
				SWIFT_OPTIMIZATION_LEVEL = "-Onone";
			};
			name = Debug;
		};
		7CF18DD61CE459730025397D /* Release */ = {
			isa = XCBuildConfiguration;
			buildSettings = {
				ALWAYS_SEARCH_USER_PATHS = NO;
				CLANG_ANALYZER_NONNULL = YES;
				CLANG_CXX_LANGUAGE_STANDARD = "gnu++0x";
				CLANG_CXX_LIBRARY = "libc++";
				CLANG_ENABLE_MODULES = YES;
				CLANG_ENABLE_OBJC_ARC = YES;
				CLANG_WARN_BOOL_CONVERSION = YES;
				CLANG_WARN_CONSTANT_CONVERSION = YES;
				CLANG_WARN_DIRECT_OBJC_ISA_USAGE = YES_ERROR;
				CLANG_WARN_EMPTY_BODY = YES;
				CLANG_WARN_ENUM_CONVERSION = YES;
				CLANG_WARN_INT_CONVERSION = YES;
				CLANG_WARN_OBJC_ROOT_CLASS = YES_ERROR;
				CLANG_WARN_UNREACHABLE_CODE = YES;
				CLANG_WARN__DUPLICATE_METHOD_MATCH = YES;
				"CODE_SIGN_IDENTITY[sdk=iphoneos*]" = "iPhone Developer";
				COPY_PHASE_STRIP = NO;
				DEBUG_INFORMATION_FORMAT = "dwarf-with-dsym";
				ENABLE_NS_ASSERTIONS = NO;
				ENABLE_STRICT_OBJC_MSGSEND = YES;
				GCC_C_LANGUAGE_STANDARD = gnu99;
				GCC_NO_COMMON_BLOCKS = YES;
				GCC_WARN_64_TO_32_BIT_CONVERSION = YES;
				GCC_WARN_ABOUT_RETURN_TYPE = YES_ERROR;
				GCC_WARN_UNDECLARED_SELECTOR = YES;
				GCC_WARN_UNINITIALIZED_AUTOS = YES_AGGRESSIVE;
				GCC_WARN_UNUSED_FUNCTION = YES;
				GCC_WARN_UNUSED_VARIABLE = YES;
				IPHONEOS_DEPLOYMENT_TARGET = 9.3;
				MTL_ENABLE_DEBUG_INFO = NO;
				SDKROOT = iphoneos;
				VALIDATE_PRODUCT = YES;
			};
			name = Release;
		};
		7CF18DD81CE459730025397D /* Debug */ = {
			isa = XCBuildConfiguration;
			buildSettings = {
				ASSETCATALOG_COMPILER_APPICON_NAME = AppIcon;
				INFOPLIST_FILE = MyCalc/Info.plist;
				LD_RUNPATH_SEARCH_PATHS = "$(inherited) @executable_path/Frameworks";
				PRODUCT_BUNDLE_IDENTIFIER = yk0807.MyCalc;
				PRODUCT_NAME = "$(TARGET_NAME)";
			};
			name = Debug;
		};
		7CF18DD91CE459730025397D /* Release */ = {
			isa = XCBuildConfiguration;
			buildSettings = {
				ASSETCATALOG_COMPILER_APPICON_NAME = AppIcon;
				INFOPLIST_FILE = MyCalc/Info.plist;
				LD_RUNPATH_SEARCH_PATHS = "$(inherited) @executable_path/Frameworks";
				PRODUCT_BUNDLE_IDENTIFIER = yk0807.MyCalc;
				PRODUCT_NAME = "$(TARGET_NAME)";
			};
			name = Release;
		};
		7CF18DDB1CE459730025397D /* Debug */ = {
			isa = XCBuildConfiguration;
			buildSettings = {
				BUNDLE_LOADER = "$(TEST_HOST)";
				INFOPLIST_FILE = MyCalcTests/Info.plist;
				LD_RUNPATH_SEARCH_PATHS = "$(inherited) @executable_path/Frameworks @loader_path/Frameworks";
				PRODUCT_BUNDLE_IDENTIFIER = yk0807.MyCalcTests;
				PRODUCT_NAME = "$(TARGET_NAME)";
				TEST_HOST = "$(BUILT_PRODUCTS_DIR)/MyCalc.app/MyCalc";
			};
			name = Debug;
		};
		7CF18DDC1CE459730025397D /* Release */ = {
			isa = XCBuildConfiguration;
			buildSettings = {
				BUNDLE_LOADER = "$(TEST_HOST)";
				INFOPLIST_FILE = MyCalcTests/Info.plist;
				LD_RUNPATH_SEARCH_PATHS = "$(inherited) @executable_path/Frameworks @loader_path/Frameworks";
				PRODUCT_BUNDLE_IDENTIFIER = yk0807.MyCalcTests;
				PRODUCT_NAME = "$(TARGET_NAME)";
				TEST_HOST = "$(BUILT_PRODUCTS_DIR)/MyCalc.app/MyCalc";
			};
			name = Release;
		};
		7CF18DDE1CE459730025397D /* Debug */ = {
			isa = XCBuildConfiguration;
			buildSettings = {
				INFOPLIST_FILE = MyCalcUITests/Info.plist;
				LD_RUNPATH_SEARCH_PATHS = "$(inherited) @executable_path/Frameworks @loader_path/Frameworks";
				PRODUCT_BUNDLE_IDENTIFIER = yk0807.MyCalcUITests;
				PRODUCT_NAME = "$(TARGET_NAME)";
				TEST_TARGET_NAME = MyCalc;
			};
			name = Debug;
		};
		7CF18DDF1CE459730025397D /* Release */ = {
			isa = XCBuildConfiguration;
			buildSettings = {
				INFOPLIST_FILE = MyCalcUITests/Info.plist;
				LD_RUNPATH_SEARCH_PATHS = "$(inherited) @executable_path/Frameworks @loader_path/Frameworks";
				PRODUCT_BUNDLE_IDENTIFIER = yk0807.MyCalcUITests;
				PRODUCT_NAME = "$(TARGET_NAME)";
				TEST_TARGET_NAME = MyCalc;
			};
			name = Release;
		};
/* End XCBuildConfiguration section */

/* Begin XCConfigurationList section */
		7CF18DAA1CE459730025397D /* Build configuration list for PBXProject "MyCalc" */ = {
			isa = XCConfigurationList;
			buildConfigurations = (
				7CF18DD51CE459730025397D /* Debug */,
				7CF18DD61CE459730025397D /* Release */,
			);
			defaultConfigurationIsVisible = 0;
			defaultConfigurationName = Release;
		};
		7CF18DD71CE459730025397D /* Build configuration list for PBXNativeTarget "MyCalc" */ = {
			isa = XCConfigurationList;
			buildConfigurations = (
				7CF18DD81CE459730025397D /* Debug */,
				7CF18DD91CE459730025397D /* Release */,
			);
			defaultConfigurationIsVisible = 0;
		};
		7CF18DDA1CE459730025397D /* Build configuration list for PBXNativeTarget "MyCalcTests" */ = {
			isa = XCConfigurationList;
			buildConfigurations = (
				7CF18DDB1CE459730025397D /* Debug */,
				7CF18DDC1CE459730025397D /* Release */,
			);
			defaultConfigurationIsVisible = 0;
		};
		7CF18DDD1CE459730025397D /* Build configuration list for PBXNativeTarget "MyCalcUITests" */ = {
			isa = XCConfigurationList;
			buildConfigurations = (
				7CF18DDE1CE459730025397D /* Debug */,
				7CF18DDF1CE459730025397D /* Release */,
			);
			defaultConfigurationIsVisible = 0;
		};
/* End XCConfigurationList section */
	};
	rootObject = 7CF18DA71CE459730025397D /* Project object */;
}
